
Microsoft Visual Studio Solution File, Format Version 12.00
Project("{FAE04EC0-301F-11D3-BF4B-00C04F79EFBC}") = "PaciakGeo.DB", "PaciakGeo.DB\PaciakGeo.DB.csproj", "{16AB660D-A168-4573-9654-C053F5CDE5CD}"
EndProject
Project("{FAE04EC0-301F-11D3-BF4B-00C04F79EFBC}") = "PaciakGeo.DB.Docker", "PaciakGeo.DB.Docker\PaciakGeo.DB.Docker.csproj", "{AFA11FB9-4AD7-4D72-AC85-CF18BBEFB548}"
EndProject
Project("{FAE04EC0-301F-11D3-BF4B-00C04F79EFBC}") = "PaciakGeo.WebApi", "PaciakGeo.WebApi\PaciakGeo.WebApi.csproj", "{CEC1B2A6-E396-4421-B294-9A745115A9EC}"
EndProject
Project("{FAE04EC0-301F-11D3-BF4B-00C04F79EFBC}") = "PaciakGeo.WebClient", "PaciakGeo.WebClient\PaciakGeo.WebClient.csproj", "{B86F2966-3EE9-465E-B4F7-EDC41F260EA3}"
EndProject
Project("{FAE04EC0-301F-11D3-BF4B-00C04F79EFBC}") = "PaciakGeo.Hangfire", "PaciakGeo.Hangfire\PaciakGeo.Hangfire.csproj", "{248A7D43-4338-4434-8614-12556CF2CEE1}"
EndProject
Project("{FAE04EC0-301F-11D3-BF4B-00C04F79EFBC}") = "PaciakGeo.Hangfire.Docker", "PaciakGeo.Hangfire.Docker\PaciakGeo.Hangfire.Docker.csproj", "{918394D3-1E9F-4EA1-9F58-997E70839CFE}"
EndProject
Project("{FAE04EC0-301F-11D3-BF4B-00C04F79EFBC}") = "PaciakGeo.WebApi.Docker", "PaciakGeo.WebApi.Docker\PaciakGeo.WebApi.Docker.csproj", "{C4312FAF-E163-4335-B688-49DEFDBEDF25}"
EndProject
Project("{FAE04EC0-301F-11D3-BF4B-00C04F79EFBC}") = "PaciakGeo.WebClient.Docker", "PaciakGeo.WebClient.Docker\PaciakGeo.WebClient.Docker.csproj", "{BECE5576-73D6-438E-8FE8-7C4A246D00E2}"
EndProject
Project("{FAE04EC0-301F-11D3-BF4B-00C04F79EFBC}") = "PaciakGeo.Common", "PaciakGeo.Common\PaciakGeo.Common.csproj", "{E7E09900-E109-4291-BC6B-71FABDDE31FD}"
EndProject
Global
	GlobalSection(SolutionConfigurationPlatforms) = preSolution
		Debug|Any CPU = Debug|Any CPU
		Release|Any CPU = Release|Any CPU
	EndGlobalSection
	GlobalSection(ProjectConfigurationPlatforms) = postSolution
		{16AB660D-A168-4573-9654-C053F5CDE5CD}.Debug|Any CPU.ActiveCfg = Debug|Any CPU
		{16AB660D-A168-4573-9654-C053F5CDE5CD}.Release|Any CPU.ActiveCfg = Release|Any CPU
		{AFA11FB9-4AD7-4D72-AC85-CF18BBEFB548}.Debug|Any CPU.ActiveCfg = Debug|Any CPU
		{AFA11FB9-4AD7-4D72-AC85-CF18BBEFB548}.Release|Any CPU.ActiveCfg = Release|Any CPU
		{CEC1B2A6-E396-4421-B294-9A745115A9EC}.Debug|Any CPU.ActiveCfg = Debug|Any CPU
		{CEC1B2A6-E396-4421-B294-9A745115A9EC}.Debug|Any CPU.Build.0 = Debug|Any CPU
		{CEC1B2A6-E396-4421-B294-9A745115A9EC}.Release|Any CPU.ActiveCfg = Release|Any CPU
		{CEC1B2A6-E396-4421-B294-9A745115A9EC}.Release|Any CPU.Build.0 = Release|Any CPU
		{B86F2966-3EE9-465E-B4F7-EDC41F260EA3}.Debug|Any CPU.ActiveCfg = Debug|Any CPU
		{B86F2966-3EE9-465E-B4F7-EDC41F260EA3}.Debug|Any CPU.Build.0 = Debug|Any CPU
		{B86F2966-3EE9-465E-B4F7-EDC41F260EA3}.Release|Any CPU.ActiveCfg = Release|Any CPU
		{B86F2966-3EE9-465E-B4F7-EDC41F260EA3}.Release|Any CPU.Build.0 = Release|Any CPU
		{248A7D43-4338-4434-8614-12556CF2CEE1}.Debug|Any CPU.ActiveCfg = Debug|Any CPU
		{248A7D43-4338-4434-8614-12556CF2CEE1}.Debug|Any CPU.Build.0 = Debug|Any CPU
		{248A7D43-4338-4434-8614-12556CF2CEE1}.Release|Any CPU.ActiveCfg = Release|Any CPU
		{248A7D43-4338-4434-8614-12556CF2CEE1}.Release|Any CPU.Build.0 = Release|Any CPU
		{918394D3-1E9F-4EA1-9F58-997E70839CFE}.Debug|Any CPU.ActiveCfg = Debug|Any CPU
		{918394D3-1E9F-4EA1-9F58-997E70839CFE}.Release|Any CPU.ActiveCfg = Release|Any CPU
		{C4312FAF-E163-4335-B688-49DEFDBEDF25}.Debug|Any CPU.ActiveCfg = Debug|Any CPU
		{C4312FAF-E163-4335-B688-49DEFDBEDF25}.Release|Any CPU.ActiveCfg = Release|Any CPU
		{BECE5576-73D6-438E-8FE8-7C4A246D00E2}.Debug|Any CPU.ActiveCfg = Debug|Any CPU
		{BECE5576-73D6-438E-8FE8-7C4A246D00E2}.Release|Any CPU.ActiveCfg = Release|Any CPU
		{E7E09900-E109-4291-BC6B-71FABDDE31FD}.Debug|Any CPU.ActiveCfg = Debug|Any CPU
		{E7E09900-E109-4291-BC6B-71FABDDE31FD}.Debug|Any CPU.Build.0 = Debug|Any CPU
		{E7E09900-E109-4291-BC6B-71FABDDE31FD}.Release|Any CPU.ActiveCfg = Release|Any CPU
		{E7E09900-E109-4291-BC6B-71FABDDE31FD}.Release|Any CPU.Build.0 = Release|Any CPU
	EndGlobalSection
EndGlobal
